
Microsoft Visual Studio Solution File, Format Version 12.00
# Visual Studio 14
VisualStudioVersion = 14.0.25420.1
MinimumVisualStudioVersion = 10.0.40219.1
Project("{FAE04EC0-301F-11D3-BF4B-00C04F79EFBC}") = "AngularHeroes", "AngularHeroes\AngularHeroes.csproj", "{DAD8167A-62CF-4862-A671-C6C21605151F}"
EndProject
Global
	GlobalSection(SolutionConfigurationPlatforms) = preSolution
		Debug|Any CPU = Debug|Any CPU
		Release|Any CPU = Release|Any CPU
	EndGlobalSection
	GlobalSection(ProjectConfigurationPlatforms) = postSolution
		{DAD8167A-62CF-4862-A671-C6C21605151F}.Debug|Any CPU.ActiveCfg = Debug|Any CPU
		{DAD8167A-62CF-4862-A671-C6C21605151F}.Debug|Any CPU.Build.0 = Debug|Any CPU
		{DAD8167A-62CF-4862-A671-C6C21605151F}.Release|Any CPU.ActiveCfg = Release|Any CPU
		{DAD8167A-62CF-4862-A671-C6C21605151F}.Release|Any CPU.Build.0 = Release|Any CPU
	EndGlobalSection
	GlobalSection(SolutionProperties) = preSolution
		HideSolutionNode = FALSE
	EndGlobalSection
EndGlobal
